
Microsoft Visual Studio Solution File, Format Version 12.00
# Visual Studio Version 17
VisualStudioVersion = 17.8.34408.163
MinimumVisualStudioVersion = 10.0.40219.1
Project("{FAE04EC0-301F-11D3-BF4B-00C04F79EFBC}") = "Copycacfile", "Copycacfile\Copycacfile.csproj", "{882A619C-CB35-412E-AABB-495BED7ED510}"
EndProject
Global
	GlobalSection(SolutionConfigurationPlatforms) = preSolution
		Debug|Any CPU = Debug|Any CPU
		Release|Any CPU = Release|Any CPU
	EndGlobalSection
	GlobalSection(ProjectConfigurationPlatforms) = postSolution
		{882A619C-CB35-412E-AABB-495BED7ED510}.Debug|Any CPU.ActiveCfg = Debug|Any CPU
		{882A619C-CB35-412E-AABB-495BED7ED510}.Debug|Any CPU.Build.0 = Debug|Any CPU
		{882A619C-CB35-412E-AABB-495BED7ED510}.Release|Any CPU.ActiveCfg = Release|Any CPU
		{882A619C-CB35-412E-AABB-495BED7ED510}.Release|Any CPU.Build.0 = Release|Any CPU
	EndGlobalSection
	GlobalSection(SolutionProperties) = preSolution
		HideSolutionNode = FALSE
	EndGlobalSection
	GlobalSection(ExtensibilityGlobals) = postSolution
		SolutionGuid = {706832B2-F2C2-4FE3-983A-732C5466A343}
	EndGlobalSection
EndGlobal
